
Microsoft Visual Studio Solution File, Format Version 12.00
# Visual Studio 15
VisualStudioVersion = 15.0.28307.136
MinimumVisualStudioVersion = 10.0.40219.1
Project("{8BC9CEB8-8B4A-11D0-8D11-00A0C91BC942}") = "MergeTwoLists", "MergeTwoLists\MergeTwoLists.vcxproj", "{4BA70519-E7F1-411E-BA93-72E858FE6FA1}"
EndProject
Global
	GlobalSection(SolutionConfigurationPlatforms) = preSolution
		Debug|x64 = Debug|x64
		Debug|x86 = Debug|x86
		Release|x64 = Release|x64
		Release|x86 = Release|x86
	EndGlobalSection
	GlobalSection(ProjectConfigurationPlatforms) = postSolution
		{4BA70519-E7F1-411E-BA93-72E858FE6FA1}.Debug|x64.ActiveCfg = Debug|x64
		{4BA70519-E7F1-411E-BA93-72E858FE6FA1}.Debug|x64.Build.0 = Debug|x64
		{4BA70519-E7F1-411E-BA93-72E858FE6FA1}.Debug|x86.ActiveCfg = Debug|Win32
		{4BA70519-E7F1-411E-BA93-72E858FE6FA1}.Debug|x86.Build.0 = Debug|Win32
		{4BA70519-E7F1-411E-BA93-72E858FE6FA1}.Release|x64.ActiveCfg = Release|x64
		{4BA70519-E7F1-411E-BA93-72E858FE6FA1}.Release|x64.Build.0 = Release|x64
		{4BA70519-E7F1-411E-BA93-72E858FE6FA1}.Release|x86.ActiveCfg = Release|Win32
		{4BA70519-E7F1-411E-BA93-72E858FE6FA1}.Release|x86.Build.0 = Release|Win32
	EndGlobalSection
	GlobalSection(SolutionProperties) = preSolution
		HideSolutionNode = FALSE
	EndGlobalSection
	GlobalSection(ExtensibilityGlobals) = postSolution
		SolutionGuid = {4C92576B-9BF8-43A7-A313-CA30E1FF71E3}
	EndGlobalSection
EndGlobal
