
Microsoft Visual Studio Solution File, Format Version 12.00
# Visual Studio 15
VisualStudioVersion = 15.0.28307.136
MinimumVisualStudioVersion = 10.0.40219.1
Project("{8BC9CEB8-8B4A-11D0-8D11-00A0C91BC942}") = "SelectSort", "SelectSort\SelectSort.vcxproj", "{F7D781F0-8639-41B1-8622-E0180F572E59}"
EndProject
Global
	GlobalSection(SolutionConfigurationPlatforms) = preSolution
		Debug|x64 = Debug|x64
		Debug|x86 = Debug|x86
		Release|x64 = Release|x64
		Release|x86 = Release|x86
	EndGlobalSection
	GlobalSection(ProjectConfigurationPlatforms) = postSolution
		{F7D781F0-8639-41B1-8622-E0180F572E59}.Debug|x64.ActiveCfg = Debug|x64
		{F7D781F0-8639-41B1-8622-E0180F572E59}.Debug|x64.Build.0 = Debug|x64
		{F7D781F0-8639-41B1-8622-E0180F572E59}.Debug|x86.ActiveCfg = Debug|Win32
		{F7D781F0-8639-41B1-8622-E0180F572E59}.Debug|x86.Build.0 = Debug|Win32
		{F7D781F0-8639-41B1-8622-E0180F572E59}.Release|x64.ActiveCfg = Release|x64
		{F7D781F0-8639-41B1-8622-E0180F572E59}.Release|x64.Build.0 = Release|x64
		{F7D781F0-8639-41B1-8622-E0180F572E59}.Release|x86.ActiveCfg = Release|Win32
		{F7D781F0-8639-41B1-8622-E0180F572E59}.Release|x86.Build.0 = Release|Win32
	EndGlobalSection
	GlobalSection(SolutionProperties) = preSolution
		HideSolutionNode = FALSE
	EndGlobalSection
	GlobalSection(ExtensibilityGlobals) = postSolution
		SolutionGuid = {DC958854-D808-483E-B74C-5229C12B3ABC}
	EndGlobalSection
EndGlobal
