
Microsoft Visual Studio Solution File, Format Version 12.00
# Visual Studio 15
VisualStudioVersion = 15.0.28307.136
MinimumVisualStudioVersion = 10.0.40219.1
Project("{8BC9CEB8-8B4A-11D0-8D11-00A0C91BC942}") = "InsertSort", "InsertSort\InsertSort.vcxproj", "{3E94A195-1338-44E6-970F-509ED46E0A54}"
EndProject
Global
	GlobalSection(SolutionConfigurationPlatforms) = preSolution
		Debug|x64 = Debug|x64
		Debug|x86 = Debug|x86
		Release|x64 = Release|x64
		Release|x86 = Release|x86
	EndGlobalSection
	GlobalSection(ProjectConfigurationPlatforms) = postSolution
		{3E94A195-1338-44E6-970F-509ED46E0A54}.Debug|x64.ActiveCfg = Debug|x64
		{3E94A195-1338-44E6-970F-509ED46E0A54}.Debug|x64.Build.0 = Debug|x64
		{3E94A195-1338-44E6-970F-509ED46E0A54}.Debug|x86.ActiveCfg = Debug|Win32
		{3E94A195-1338-44E6-970F-509ED46E0A54}.Debug|x86.Build.0 = Debug|Win32
		{3E94A195-1338-44E6-970F-509ED46E0A54}.Release|x64.ActiveCfg = Release|x64
		{3E94A195-1338-44E6-970F-509ED46E0A54}.Release|x64.Build.0 = Release|x64
		{3E94A195-1338-44E6-970F-509ED46E0A54}.Release|x86.ActiveCfg = Release|Win32
		{3E94A195-1338-44E6-970F-509ED46E0A54}.Release|x86.Build.0 = Release|Win32
	EndGlobalSection
	GlobalSection(SolutionProperties) = preSolution
		HideSolutionNode = FALSE
	EndGlobalSection
	GlobalSection(ExtensibilityGlobals) = postSolution
		SolutionGuid = {DB1A1AEC-4601-40A2-86C7-F1981277C363}
	EndGlobalSection
EndGlobal
